// !$*UTF8*$!
{
	archiveVersion = 1;
	classes = {
	};
	objectVersion = 50;
	objects = {

/* Begin PBXBuildFile section */
		3C0F3E0D26901422005D6A1F /* WeatherDetailView.swift in Sources */ = {isa = PBXBuildFile; fileRef = 3C0F3E0C26901422005D6A1F /* WeatherDetailView.swift */; };
		3C0F3E1026901EC9005D6A1F /* WeeklyWeatherViewModel.swift in Sources */ = {isa = PBXBuildFile; fileRef = 3C0F3E0F26901EC9005D6A1F /* WeeklyWeatherViewModel.swift */; };
		3C0F3E1326915BB5005D6A1F /* WeatherRowViewModel.swift in Sources */ = {isa = PBXBuildFile; fileRef = 3C0F3E1226915BB5005D6A1F /* WeatherRowViewModel.swift */; };
		3C0F3E17269160CD005D6A1F /* DateTimeFormatter.swift in Sources */ = {isa = PBXBuildFile; fileRef = 3C0F3E16269160CD005D6A1F /* DateTimeFormatter.swift */; };
		3C0F3E1A26918FBD005D6A1F /* CurrentWeatherViewModel.swift in Sources */ = {isa = PBXBuildFile; fileRef = 3C0F3E1926918FBD005D6A1F /* CurrentWeatherViewModel.swift */; };
		3C0F3E2126926F32005D6A1F /* CurrentWeatherRowView.swift in Sources */ = {isa = PBXBuildFile; fileRef = 3C0F3E2026926F32005D6A1F /* CurrentWeatherRowView.swift */; };
		3C0F3E24269414A1005D6A1F /* LoadingState.swift in Sources */ = {isa = PBXBuildFile; fileRef = 3C0F3E23269414A1005D6A1F /* LoadingState.swift */; };
		3C0F3E27269416DE005D6A1F /* WeeklyWeatherRowView.swift in Sources */ = {isa = PBXBuildFile; fileRef = 3C0F3E26269416DE005D6A1F /* WeeklyWeatherRowView.swift */; };
		3C52043A266DDAD700087B05 /* OpenWeatherApp.swift in Sources */ = {isa = PBXBuildFile; fileRef = 3C520439266DDAD700087B05 /* OpenWeatherApp.swift */; };
		3C52043C266DDAD700087B05 /* ContentView.swift in Sources */ = {isa = PBXBuildFile; fileRef = 3C52043B266DDAD700087B05 /* ContentView.swift */; };
		3C52043E266DDADA00087B05 /* Assets.xcassets in Resources */ = {isa = PBXBuildFile; fileRef = 3C52043D266DDADA00087B05 /* Assets.xcassets */; };
		3C520441266DDADA00087B05 /* Preview Assets.xcassets in Resources */ = {isa = PBXBuildFile; fileRef = 3C520440266DDADA00087B05 /* Preview Assets.xcassets */; };
		3C52044A2671DB3B00087B05 /* WeatherAPI.swift in Sources */ = {isa = PBXBuildFile; fileRef = 3C5204492671DB3B00087B05 /* WeatherAPI.swift */; };
		3C520453267700DB00087B05 /* APIError.swift in Sources */ = {isa = PBXBuildFile; fileRef = 3C520452267700DB00087B05 /* APIError.swift */; };
		3C5204562677016700087B05 /* APIDecode.swift in Sources */ = {isa = PBXBuildFile; fileRef = 3C5204552677016700087B05 /* APIDecode.swift */; };
		3C52045A2677026F00087B05 /* APISessionProvider.swift in Sources */ = {isa = PBXBuildFile; fileRef = 3C5204592677026F00087B05 /* APISessionProvider.swift */; };
		3C52045D267858AA00087B05 /* WeatherFetchable.swift in Sources */ = {isa = PBXBuildFile; fileRef = 3C52045C267858AA00087B05 /* WeatherFetchable.swift */; };
		3C5204612678592A00087B05 /* FiveDayWeatherForecast.swift in Sources */ = {isa = PBXBuildFile; fileRef = 3C5204602678592A00087B05 /* FiveDayWeatherForecast.swift */; };
		3C52046426785FBB00087B05 /* SevenDayWeatherForecast.swift in Sources */ = {isa = PBXBuildFile; fileRef = 3C52046326785FBB00087B05 /* SevenDayWeatherForecast.swift */; };
		3C52046A2679A41D00087B05 /* SharedResponseTypes.swift in Sources */ = {isa = PBXBuildFile; fileRef = 3C5204692679A41D00087B05 /* SharedResponseTypes.swift */; };
		3C52046E2679A9B200087B05 /* Location.swift in Sources */ = {isa = PBXBuildFile; fileRef = 3C52046D2679A9B200087B05 /* Location.swift */; };
		3C5204712679B84E00087B05 /* CurrentWeatherForecast.swift in Sources */ = {isa = PBXBuildFile; fileRef = 3C5204702679B84E00087B05 /* CurrentWeatherForecast.swift */; };
		3C520476267AFE8300087B05 /* AddCityView.swift in Sources */ = {isa = PBXBuildFile; fileRef = 3C520475267AFE8300087B05 /* AddCityView.swift */; };
		3C52047A26896ECB00087B05 /* LocationViewModel.swift in Sources */ = {isa = PBXBuildFile; fileRef = 3C52047926896ECB00087B05 /* LocationViewModel.swift */; };
		3C68391E269D2FA700F733BB /* TemperatureConversion.swift in Sources */ = {isa = PBXBuildFile; fileRef = 3C68391D269D2FA700F733BB /* TemperatureConversion.swift */; };
		3C683921269FED1A00F733BB /* JSONDataManager.swift in Sources */ = {isa = PBXBuildFile; fileRef = 3C683920269FED1A00F733BB /* JSONDataManager.swift */; };
/* End PBXBuildFile section */

/* Begin PBXFileReference section */
		3C0F3E0C26901422005D6A1F /* WeatherDetailView.swift */ = {isa = PBXFileReference; lastKnownFileType = sourcecode.swift; path = WeatherDetailView.swift; sourceTree = "<group>"; };
		3C0F3E0F26901EC9005D6A1F /* WeeklyWeatherViewModel.swift */ = {isa = PBXFileReference; lastKnownFileType = sourcecode.swift; path = WeeklyWeatherViewModel.swift; sourceTree = "<group>"; };
		3C0F3E1226915BB5005D6A1F /* WeatherRowViewModel.swift */ = {isa = PBXFileReference; lastKnownFileType = sourcecode.swift; path = WeatherRowViewModel.swift; sourceTree = "<group>"; };
		3C0F3E16269160CD005D6A1F /* DateTimeFormatter.swift */ = {isa = PBXFileReference; lastKnownFileType = sourcecode.swift; path = DateTimeFormatter.swift; sourceTree = "<group>"; };
		3C0F3E1926918FBD005D6A1F /* CurrentWeatherViewModel.swift */ = {isa = PBXFileReference; lastKnownFileType = sourcecode.swift; path = CurrentWeatherViewModel.swift; sourceTree = "<group>"; };
		3C0F3E2026926F32005D6A1F /* CurrentWeatherRowView.swift */ = {isa = PBXFileReference; lastKnownFileType = sourcecode.swift; path = CurrentWeatherRowView.swift; sourceTree = "<group>"; };
		3C0F3E23269414A1005D6A1F /* LoadingState.swift */ = {isa = PBXFileReference; lastKnownFileType = sourcecode.swift; path = LoadingState.swift; sourceTree = "<group>"; };
		3C0F3E26269416DE005D6A1F /* WeeklyWeatherRowView.swift */ = {isa = PBXFileReference; lastKnownFileType = sourcecode.swift; path = WeeklyWeatherRowView.swift; sourceTree = "<group>"; };
		3C520436266DDAD700087B05 /* OpenWeather.app */ = {isa = PBXFileReference; explicitFileType = wrapper.application; includeInIndex = 0; path = OpenWeather.app; sourceTree = BUILT_PRODUCTS_DIR; };
		3C520439266DDAD700087B05 /* OpenWeatherApp.swift */ = {isa = PBXFileReference; lastKnownFileType = sourcecode.swift; path = OpenWeatherApp.swift; sourceTree = "<group>"; };
		3C52043B266DDAD700087B05 /* ContentView.swift */ = {isa = PBXFileReference; lastKnownFileType = sourcecode.swift; path = ContentView.swift; sourceTree = "<group>"; };
		3C52043D266DDADA00087B05 /* Assets.xcassets */ = {isa = PBXFileReference; lastKnownFileType = folder.assetcatalog; path = Assets.xcassets; sourceTree = "<group>"; };
		3C520440266DDADA00087B05 /* Preview Assets.xcassets */ = {isa = PBXFileReference; lastKnownFileType = folder.assetcatalog; path = "Preview Assets.xcassets"; sourceTree = "<group>"; };
		3C520442266DDADA00087B05 /* Info.plist */ = {isa = PBXFileReference; lastKnownFileType = text.plist.xml; path = Info.plist; sourceTree = "<group>"; };
		3C5204492671DB3B00087B05 /* WeatherAPI.swift */ = {isa = PBXFileReference; lastKnownFileType = sourcecode.swift; path = WeatherAPI.swift; sourceTree = "<group>"; };
		3C520452267700DB00087B05 /* APIError.swift */ = {isa = PBXFileReference; lastKnownFileType = sourcecode.swift; path = APIError.swift; sourceTree = "<group>"; };
		3C5204552677016700087B05 /* APIDecode.swift */ = {isa = PBXFileReference; lastKnownFileType = sourcecode.swift; path = APIDecode.swift; sourceTree = "<group>"; };
		3C5204592677026F00087B05 /* APISessionProvider.swift */ = {isa = PBXFileReference; lastKnownFileType = sourcecode.swift; path = APISessionProvider.swift; sourceTree = "<group>"; };
		3C52045C267858AA00087B05 /* WeatherFetchable.swift */ = {isa = PBXFileReference; lastKnownFileType = sourcecode.swift; path = WeatherFetchable.swift; sourceTree = "<group>"; };
		3C5204602678592A00087B05 /* FiveDayWeatherForecast.swift */ = {isa = PBXFileReference; lastKnownFileType = sourcecode.swift; path = FiveDayWeatherForecast.swift; sourceTree = "<group>"; };
		3C52046326785FBB00087B05 /* SevenDayWeatherForecast.swift */ = {isa = PBXFileReference; lastKnownFileType = sourcecode.swift; path = SevenDayWeatherForecast.swift; sourceTree = "<group>"; };
		3C5204692679A41D00087B05 /* SharedResponseTypes.swift */ = {isa = PBXFileReference; lastKnownFileType = sourcecode.swift; path = SharedResponseTypes.swift; sourceTree = "<group>"; };
		3C52046D2679A9B200087B05 /* Location.swift */ = {isa = PBXFileReference; lastKnownFileType = sourcecode.swift; path = Location.swift; sourceTree = "<group>"; };
		3C5204702679B84E00087B05 /* CurrentWeatherForecast.swift */ = {isa = PBXFileReference; lastKnownFileType = sourcecode.swift; path = CurrentWeatherForecast.swift; sourceTree = "<group>"; };
		3C520475267AFE8300087B05 /* AddCityView.swift */ = {isa = PBXFileReference; lastKnownFileType = sourcecode.swift; path = AddCityView.swift; sourceTree = "<group>"; };
		3C52047926896ECB00087B05 /* LocationViewModel.swift */ = {isa = PBXFileReference; lastKnownFileType = sourcecode.swift; path = LocationViewModel.swift; sourceTree = "<group>"; };
		3C68391D269D2FA700F733BB /* TemperatureConversion.swift */ = {isa = PBXFileReference; lastKnownFileType = sourcecode.swift; path = TemperatureConversion.swift; sourceTree = "<group>"; };
		3C683920269FED1A00F733BB /* JSONDataManager.swift */ = {isa = PBXFileReference; lastKnownFileType = sourcecode.swift; path = JSONDataManager.swift; sourceTree = "<group>"; };
/* End PBXFileReference section */

/* Begin PBXFrameworksBuildPhase section */
		3C520433266DDAD700087B05 /* Frameworks */ = {
			isa = PBXFrameworksBuildPhase;
			buildActionMask = 2147483647;
			files = (
			);
			runOnlyForDeploymentPostprocessing = 0;
		};
/* End PBXFrameworksBuildPhase section */

/* Begin PBXGroup section */
		3C0F3E0A269013D9005D6A1F /* Views */ = {
			isa = PBXGroup;
			children = (
				3C52043B266DDAD700087B05 /* ContentView.swift */,
				3C0F3E2026926F32005D6A1F /* CurrentWeatherRowView.swift */,
				3C520475267AFE8300087B05 /* AddCityView.swift */,
				3C0F3E0C26901422005D6A1F /* WeatherDetailView.swift */,
				3C0F3E26269416DE005D6A1F /* WeeklyWeatherRowView.swift */,
			);
			path = Views;
			sourceTree = "<group>";
		};
		3C0F3E15269160B5005D6A1F /* Helpers */ = {
			isa = PBXGroup;
			children = (
				3C0F3E16269160CD005D6A1F /* DateTimeFormatter.swift */,
				3C68391D269D2FA700F733BB /* TemperatureConversion.swift */,
			);
			path = Helpers;
			sourceTree = "<group>";
		};
		3C52042D266DDAD700087B05 = {
			isa = PBXGroup;
			children = (
				3C520438266DDAD700087B05 /* OpenWeather */,
				3C520437266DDAD700087B05 /* Products */,
			);
			sourceTree = "<group>";
		};
		3C520437266DDAD700087B05 /* Products */ = {
			isa = PBXGroup;
			children = (
				3C520436266DDAD700087B05 /* OpenWeather.app */,
			);
			name = Products;
			sourceTree = "<group>";
		};
		3C520438266DDAD700087B05 /* OpenWeather */ = {
			isa = PBXGroup;
			children = (
				3C683920269FED1A00F733BB /* JSONDataManager.swift */,
				3C0F3E15269160B5005D6A1F /* Helpers */,
				3C520439266DDAD700087B05 /* OpenWeatherApp.swift */,
				3C0F3E0A269013D9005D6A1F /* Views */,
				3C52047D26896ED600087B05 /* View Models */,
				3C52045F2678590F00087B05 /* Models */,
				3C52044C2671DBEC00087B05 /* WeatherAPI */,
				3C52043D266DDADA00087B05 /* Assets.xcassets */,
				3C520442266DDADA00087B05 /* Info.plist */,
				3C52043F266DDADA00087B05 /* Preview Content */,
			);
			path = OpenWeather;
			sourceTree = "<group>";
		};
		3C52043F266DDADA00087B05 /* Preview Content */ = {
			isa = PBXGroup;
			children = (
				3C520440266DDADA00087B05 /* Preview Assets.xcassets */,
			);
			path = "Preview Content";
			sourceTree = "<group>";
		};
		3C52044C2671DBEC00087B05 /* WeatherAPI */ = {
			isa = PBXGroup;
			children = (
				3C5204492671DB3B00087B05 /* WeatherAPI.swift */,
				3C520452267700DB00087B05 /* APIError.swift */,
				3C5204552677016700087B05 /* APIDecode.swift */,
				3C5204592677026F00087B05 /* APISessionProvider.swift */,
				3C52045C267858AA00087B05 /* WeatherFetchable.swift */,
			);
			path = WeatherAPI;
			sourceTree = "<group>";
		};
		3C52045F2678590F00087B05 /* Models */ = {
			isa = PBXGroup;
			children = (
				3C5204602678592A00087B05 /* FiveDayWeatherForecast.swift */,
				3C52046326785FBB00087B05 /* SevenDayWeatherForecast.swift */,
				3C5204692679A41D00087B05 /* SharedResponseTypes.swift */,
				3C52046D2679A9B200087B05 /* Location.swift */,
				3C5204702679B84E00087B05 /* CurrentWeatherForecast.swift */,
			);
			path = Models;
			sourceTree = "<group>";
		};
		3C52047D26896ED600087B05 /* View Models */ = {
			isa = PBXGroup;
			children = (
				3C52047926896ECB00087B05 /* LocationViewModel.swift */,
				3C0F3E0F26901EC9005D6A1F /* WeeklyWeatherViewModel.swift */,
				3C0F3E1226915BB5005D6A1F /* WeatherRowViewModel.swift */,
				3C0F3E1926918FBD005D6A1F /* CurrentWeatherViewModel.swift */,
				3C0F3E23269414A1005D6A1F /* LoadingState.swift */,
			);
			path = "View Models";
			sourceTree = "<group>";
		};
/* End PBXGroup section */

/* Begin PBXNativeTarget section */
		3C520435266DDAD700087B05 /* OpenWeather */ = {
			isa = PBXNativeTarget;
			buildConfigurationList = 3C520445266DDADA00087B05 /* Build configuration list for PBXNativeTarget "OpenWeather" */;
			buildPhases = (
				3C520432266DDAD700087B05 /* Sources */,
				3C520433266DDAD700087B05 /* Frameworks */,
				3C520434266DDAD700087B05 /* Resources */,
			);
			buildRules = (
			);
			dependencies = (
			);
			name = OpenWeather;
			productName = OpenWeather;
			productReference = 3C520436266DDAD700087B05 /* OpenWeather.app */;
			productType = "com.apple.product-type.application";
		};
/* End PBXNativeTarget section */

/* Begin PBXProject section */
		3C52042E266DDAD700087B05 /* Project object */ = {
			isa = PBXProject;
			attributes = {
				LastSwiftUpdateCheck = 1240;
				LastUpgradeCheck = 1240;
				TargetAttributes = {
					3C520435266DDAD700087B05 = {
						CreatedOnToolsVersion = 12.4;
					};
				};
			};
			buildConfigurationList = 3C520431266DDAD700087B05 /* Build configuration list for PBXProject "OpenWeather" */;
			compatibilityVersion = "Xcode 9.3";
			developmentRegion = en;
			hasScannedForEncodings = 0;
			knownRegions = (
				en,
				Base,
			);
			mainGroup = 3C52042D266DDAD700087B05;
			productRefGroup = 3C520437266DDAD700087B05 /* Products */;
			projectDirPath = "";
			projectRoot = "";
			targets = (
				3C520435266DDAD700087B05 /* OpenWeather */,
			);
		};
/* End PBXProject section */

/* Begin PBXResourcesBuildPhase section */
		3C520434266DDAD700087B05 /* Resources */ = {
			isa = PBXResourcesBuildPhase;
			buildActionMask = 2147483647;
			files = (
				3C520441266DDADA00087B05 /* Preview Assets.xcassets in Resources */,
				3C52043E266DDADA00087B05 /* Assets.xcassets in Resources */,
			);
			runOnlyForDeploymentPostprocessing = 0;
		};
/* End PBXResourcesBuildPhase section */

/* Begin PBXSourcesBuildPhase section */
		3C520432266DDAD700087B05 /* Sources */ = {
			isa = PBXSourcesBuildPhase;
			buildActionMask = 2147483647;
			files = (
				3C52045D267858AA00087B05 /* WeatherFetchable.swift in Sources */,
				3C0F3E1326915BB5005D6A1F /* WeatherRowViewModel.swift in Sources */,
				3C52046E2679A9B200087B05 /* Location.swift in Sources */,
				3C52044A2671DB3B00087B05 /* WeatherAPI.swift in Sources */,
				3C52043C266DDAD700087B05 /* ContentView.swift in Sources */,
				3C0F3E1026901EC9005D6A1F /* WeeklyWeatherViewModel.swift in Sources */,
				3C52046A2679A41D00087B05 /* SharedResponseTypes.swift in Sources */,
				3C0F3E17269160CD005D6A1F /* DateTimeFormatter.swift in Sources */,
				3C52045A2677026F00087B05 /* APISessionProvider.swift in Sources */,
				3C52046426785FBB00087B05 /* SevenDayWeatherForecast.swift in Sources */,
				3C520453267700DB00087B05 /* APIError.swift in Sources */,
				3C5204562677016700087B05 /* APIDecode.swift in Sources */,
				3C68391E269D2FA700F733BB /* TemperatureConversion.swift in Sources */,
				3C0F3E2126926F32005D6A1F /* CurrentWeatherRowView.swift in Sources */,
				3C520476267AFE8300087B05 /* AddCityView.swift in Sources */,
				3C5204712679B84E00087B05 /* CurrentWeatherForecast.swift in Sources */,
				3C0F3E27269416DE005D6A1F /* WeeklyWeatherRowView.swift in Sources */,
				3C0F3E24269414A1005D6A1F /* LoadingState.swift in Sources */,
				3C52047A26896ECB00087B05 /* LocationViewModel.swift in Sources */,
				3C0F3E1A26918FBD005D6A1F /* CurrentWeatherViewModel.swift in Sources */,
				3C0F3E0D26901422005D6A1F /* WeatherDetailView.swift in Sources */,
				3C5204612678592A00087B05 /* FiveDayWeatherForecast.swift in Sources */,
				3C52043A266DDAD700087B05 /* OpenWeatherApp.swift in Sources */,
				3C683921269FED1A00F733BB /* JSONDataManager.swift in Sources */,
			);
			runOnlyForDeploymentPostprocessing = 0;
		};
/* End PBXSourcesBuildPhase section */

/* Begin XCBuildConfiguration section */
		3C520443266DDADA00087B05 /* Debug */ = {
			isa = XCBuildConfiguration;
			buildSettings = {
				ALWAYS_SEARCH_USER_PATHS = NO;
				CLANG_ANALYZER_NONNULL = YES;
				CLANG_ANALYZER_NUMBER_OBJECT_CONVERSION = YES_AGGRESSIVE;
				CLANG_CXX_LANGUAGE_STANDARD = "gnu++14";
				CLANG_CXX_LIBRARY = "libc++";
				CLANG_ENABLE_MODULES = YES;
				CLANG_ENABLE_OBJC_ARC = YES;
				CLANG_ENABLE_OBJC_WEAK = YES;
				CLANG_WARN_BLOCK_CAPTURE_AUTORELEASING = YES;
				CLANG_WARN_BOOL_CONVERSION = YES;
				CLANG_WARN_COMMA = YES;
				CLANG_WARN_CONSTANT_CONVERSION = YES;
				CLANG_WARN_DEPRECATED_OBJC_IMPLEMENTATIONS = YES;
				CLANG_WARN_DIRECT_OBJC_ISA_USAGE = YES_ERROR;
				CLANG_WARN_DOCUMENTATION_COMMENTS = YES;
				CLANG_WARN_EMPTY_BODY = YES;
				CLANG_WARN_ENUM_CONVERSION = YES;
				CLANG_WARN_INFINITE_RECURSION = YES;
				CLANG_WARN_INT_CONVERSION = YES;
				CLANG_WARN_NON_LITERAL_NULL_CONVERSION = YES;
				CLANG_WARN_OBJC_IMPLICIT_RETAIN_SELF = YES;
				CLANG_WARN_OBJC_LITERAL_CONVERSION = YES;
				CLANG_WARN_OBJC_ROOT_CLASS = YES_ERROR;
				CLANG_WARN_QUOTED_INCLUDE_IN_FRAMEWORK_HEADER = YES;
				CLANG_WARN_RANGE_LOOP_ANALYSIS = YES;
				CLANG_WARN_STRICT_PROTOTYPES = YES;
				CLANG_WARN_SUSPICIOUS_MOVE = YES;
				CLANG_WARN_UNGUARDED_AVAILABILITY = YES_AGGRESSIVE;
				CLANG_WARN_UNREACHABLE_CODE = YES;
				CLANG_WARN__DUPLICATE_METHOD_MATCH = YES;
				COPY_PHASE_STRIP = NO;
				DEBUG_INFORMATION_FORMAT = dwarf;
				ENABLE_STRICT_OBJC_MSGSEND = YES;
				ENABLE_TESTABILITY = YES;
				GCC_C_LANGUAGE_STANDARD = gnu11;
				GCC_DYNAMIC_NO_PIC = NO;
				GCC_NO_COMMON_BLOCKS = YES;
				GCC_OPTIMIZATION_LEVEL = 0;
				GCC_PREPROCESSOR_DEFINITIONS = (
					"DEBUG=1",
					"$(inherited)",
				);
				GCC_WARN_64_TO_32_BIT_CONVERSION = YES;
				GCC_WARN_ABOUT_RETURN_TYPE = YES_ERROR;
				GCC_WARN_UNDECLARED_SELECTOR = YES;
				GCC_WARN_UNINITIALIZED_AUTOS = YES_AGGRESSIVE;
				GCC_WARN_UNUSED_FUNCTION = YES;
				GCC_WARN_UNUSED_VARIABLE = YES;
				IPHONEOS_DEPLOYMENT_TARGET = 14.4;
				MTL_ENABLE_DEBUG_INFO = INCLUDE_SOURCE;
				MTL_FAST_MATH = YES;
				ONLY_ACTIVE_ARCH = YES;
				SDKROOT = iphoneos;
				SWIFT_ACTIVE_COMPILATION_CONDITIONS = DEBUG;
				SWIFT_OPTIMIZATION_LEVEL = "-Onone";
			};
			name = Debug;
		};
		3C520444266DDADA00087B05 /* Release */ = {
			isa = XCBuildConfiguration;
			buildSettings = {
				ALWAYS_SEARCH_USER_PATHS = NO;
				CLANG_ANALYZER_NONNULL = YES;
				CLANG_ANALYZER_NUMBER_OBJECT_CONVERSION = YES_AGGRESSIVE;
				CLANG_CXX_LANGUAGE_STANDARD = "gnu++14";
				CLANG_CXX_LIBRARY = "libc++";
				CLANG_ENABLE_MODULES = YES;
				CLANG_ENABLE_OBJC_ARC = YES;
				CLANG_ENABLE_OBJC_WEAK = YES;
				CLANG_WARN_BLOCK_CAPTURE_AUTORELEASING = YES;
				CLANG_WARN_BOOL_CONVERSION = YES;
				CLANG_WARN_COMMA = YES;
				CLANG_WARN_CONSTANT_CONVERSION = YES;
				CLANG_WARN_DEPRECATED_OBJC_IMPLEMENTATIONS = YES;
				CLANG_WARN_DIRECT_OBJC_ISA_USAGE = YES_ERROR;
				CLANG_WARN_DOCUMENTATION_COMMENTS = YES;
				CLANG_WARN_EMPTY_BODY = YES;
				CLANG_WARN_ENUM_CONVERSION = YES;
				CLANG_WARN_INFINITE_RECURSION = YES;
				CLANG_WARN_INT_CONVERSION = YES;
				CLANG_WARN_NON_LITERAL_NULL_CONVERSION = YES;
				CLANG_WARN_OBJC_IMPLICIT_RETAIN_SELF = YES;
				CLANG_WARN_OBJC_LITERAL_CONVERSION = YES;
				CLANG_WARN_OBJC_ROOT_CLASS = YES_ERROR;
				CLANG_WARN_QUOTED_INCLUDE_IN_FRAMEWORK_HEADER = YES;
				CLANG_WARN_RANGE_LOOP_ANALYSIS = YES;
				CLANG_WARN_STRICT_PROTOTYPES = YES;
				CLANG_WARN_SUSPICIOUS_MOVE = YES;
				CLANG_WARN_UNGUARDED_AVAILABILITY = YES_AGGRESSIVE;
				CLANG_WARN_UNREACHABLE_CODE = YES;
				CLANG_WARN__DUPLICATE_METHOD_MATCH = YES;
				COPY_PHASE_STRIP = NO;
				DEBUG_INFORMATION_FORMAT = "dwarf-with-dsym";
				ENABLE_NS_ASSERTIONS = NO;
				ENABLE_STRICT_OBJC_MSGSEND = YES;
				GCC_C_LANGUAGE_STANDARD = gnu11;
				GCC_NO_COMMON_BLOCKS = YES;
				GCC_WARN_64_TO_32_BIT_CONVERSION = YES;
				GCC_WARN_ABOUT_RETURN_TYPE = YES_ERROR;
				GCC_WARN_UNDECLARED_SELECTOR = YES;
				GCC_WARN_UNINITIALIZED_AUTOS = YES_AGGRESSIVE;
				GCC_WARN_UNUSED_FUNCTION = YES;
				GCC_WARN_UNUSED_VARIABLE = YES;
				IPHONEOS_DEPLOYMENT_TARGET = 14.4;
				MTL_ENABLE_DEBUG_INFO = NO;
				MTL_FAST_MATH = YES;
				SDKROOT = iphoneos;
				SWIFT_COMPILATION_MODE = wholemodule;
				SWIFT_OPTIMIZATION_LEVEL = "-O";
				VALIDATE_PRODUCT = YES;
			};
			name = Release;
		};
		3C520446266DDADA00087B05 /* Debug */ = {
			isa = XCBuildConfiguration;
			buildSettings = {
				ASSETCATALOG_COMPILER_APPICON_NAME = AppIcon;
				ASSETCATALOG_COMPILER_GLOBAL_ACCENT_COLOR_NAME = AccentColor;
				CODE_SIGN_STYLE = Automatic;
				DEVELOPMENT_ASSET_PATHS = "\"OpenWeather/Preview Content\"";
				ENABLE_PREVIEWS = YES;
				INFOPLIST_FILE = OpenWeather/Info.plist;
				IPHONEOS_DEPLOYMENT_TARGET = 14.0;
				LD_RUNPATH_SEARCH_PATHS = (
					"$(inherited)",
					"@executable_path/Frameworks",
				);
				PRODUCT_BUNDLE_IDENTIFIER = com.OpenWeather;
				PRODUCT_NAME = "$(TARGET_NAME)";
				SWIFT_VERSION = 5.0;
				TARGETED_DEVICE_FAMILY = "1,2";
			};
			name = Debug;
		};
		3C520447266DDADA00087B05 /* Release */ = {
			isa = XCBuildConfiguration;
			buildSettings = {
				ASSETCATALOG_COMPILER_APPICON_NAME = AppIcon;
				ASSETCATALOG_COMPILER_GLOBAL_ACCENT_COLOR_NAME = AccentColor;
				CODE_SIGN_STYLE = Automatic;
				DEVELOPMENT_ASSET_PATHS = "\"OpenWeather/Preview Content\"";
				ENABLE_PREVIEWS = YES;
				INFOPLIST_FILE = OpenWeather/Info.plist;
				IPHONEOS_DEPLOYMENT_TARGET = 14.0;
				LD_RUNPATH_SEARCH_PATHS = (
					"$(inherited)",
					"@executable_path/Frameworks",
				);
				PRODUCT_BUNDLE_IDENTIFIER = com.OpenWeather;
				PRODUCT_NAME = "$(TARGET_NAME)";
				SWIFT_VERSION = 5.0;
				TARGETED_DEVICE_FAMILY = "1,2";
			};
			name = Release;
		};
/* End XCBuildConfiguration section */

/* Begin XCConfigurationList section */
		3C520431266DDAD700087B05 /* Build configuration list for PBXProject "OpenWeather" */ = {
			isa = XCConfigurationList;
			buildConfigurations = (
				3C520443266DDADA00087B05 /* Debug */,
				3C520444266DDADA00087B05 /* Release */,
			);
			defaultConfigurationIsVisible = 0;
			defaultConfigurationName = Release;
		};
		3C520445266DDADA00087B05 /* Build configuration list for PBXNativeTarget "OpenWeather" */ = {
			isa = XCConfigurationList;
			buildConfigurations = (
				3C520446266DDADA00087B05 /* Debug */,
				3C520447266DDADA00087B05 /* Release */,
			);
			defaultConfigurationIsVisible = 0;
			defaultConfigurationName = Release;
		};
/* End XCConfigurationList section */
	};
	rootObject = 3C52042E266DDAD700087B05 /* Project object */;
}
